
Microsoft Visual Studio Solution File, Format Version 12.00
# Visual Studio Version 17
VisualStudioVersion = 17.2.32630.192
MinimumVisualStudioVersion = 10.0.40219.1
Project("{9A19103F-16F7-4668-BE54-9A1E7A4F7556}") = "R5T.T0202", "R5T.T0202\R5T.T0202.csproj", "{47E7DA02-72BF-4891-BAA4-8963192ED7DF}"
EndProject
Project("{2150E333-8FDC-42A3-9474-1A3956D46DE8}") = "_Dependencies", "_Dependencies", "{EDE1467F-166E-4DF9-96F7-CA459395D7BE}"
EndProject
Project("{9A19103F-16F7-4668-BE54-9A1E7A4F7556}") = "R5T.T0132", "..\..\R5T.T0132\source\R5T.T0132\R5T.T0132.csproj", "{45995095-55F9-4409-8082-A0A3A00079E9}"
EndProject
Project("{9A19103F-16F7-4668-BE54-9A1E7A4F7556}") = "R5T.T0143", "..\..\R5T.T0143\source\R5T.T0143\R5T.T0143.csproj", "{4354465F-7498-4A58-AE2C-D9765948AA80}"
EndProject
Project("{9A19103F-16F7-4668-BE54-9A1E7A4F7556}") = "R5T.T0178", "..\..\R5T.T0178\source\R5T.T0178\R5T.T0178.csproj", "{FEE93638-9235-4E41-8B24-909D67BAC0B4}"
EndProject
Project("{9A19103F-16F7-4668-BE54-9A1E7A4F7556}") = "R5T.T0179", "..\..\R5T.T0179\source\R5T.T0179\R5T.T0179.csproj", "{638B37D2-8792-4A44-B818-A96071F06117}"
EndProject
Global
	GlobalSection(NestedProjects) = preSolution
		{45995095-55F9-4409-8082-A0A3A00079E9} = {EDE1467F-166E-4DF9-96F7-CA459395D7BE}
		{4354465F-7498-4A58-AE2C-D9765948AA80} = {EDE1467F-166E-4DF9-96F7-CA459395D7BE}
		{FEE93638-9235-4E41-8B24-909D67BAC0B4} = {EDE1467F-166E-4DF9-96F7-CA459395D7BE}
		{638B37D2-8792-4A44-B818-A96071F06117} = {EDE1467F-166E-4DF9-96F7-CA459395D7BE}
	EndGlobalSection
	GlobalSection(SolutionConfigurationPlatforms) = preSolution
		Debug|Any CPU = Debug|Any CPU
		Release|Any CPU = Release|Any CPU
	EndGlobalSection
	GlobalSection(ProjectConfigurationPlatforms) = postSolution
		{47E7DA02-72BF-4891-BAA4-8963192ED7DF}.Debug|Any CPU.ActiveCfg = Debug|Any CPU
		{47E7DA02-72BF-4891-BAA4-8963192ED7DF}.Debug|Any CPU.Build.0 = Debug|Any CPU
		{47E7DA02-72BF-4891-BAA4-8963192ED7DF}.Release|Any CPU.ActiveCfg = Release|Any CPU
		{47E7DA02-72BF-4891-BAA4-8963192ED7DF}.Release|Any CPU.Build.0 = Release|Any CPU
		{45995095-55F9-4409-8082-A0A3A00079E9}.Debug|Any CPU.ActiveCfg = Debug|Any CPU
		{45995095-55F9-4409-8082-A0A3A00079E9}.Debug|Any CPU.Build.0 = Debug|Any CPU
		{45995095-55F9-4409-8082-A0A3A00079E9}.Release|Any CPU.ActiveCfg = Release|Any CPU
		{45995095-55F9-4409-8082-A0A3A00079E9}.Release|Any CPU.Build.0 = Release|Any CPU
		{4354465F-7498-4A58-AE2C-D9765948AA80}.Debug|Any CPU.ActiveCfg = Debug|Any CPU
		{4354465F-7498-4A58-AE2C-D9765948AA80}.Debug|Any CPU.Build.0 = Debug|Any CPU
		{4354465F-7498-4A58-AE2C-D9765948AA80}.Release|Any CPU.ActiveCfg = Release|Any CPU
		{4354465F-7498-4A58-AE2C-D9765948AA80}.Release|Any CPU.Build.0 = Release|Any CPU
		{FEE93638-9235-4E41-8B24-909D67BAC0B4}.Debug|Any CPU.ActiveCfg = Debug|Any CPU
		{FEE93638-9235-4E41-8B24-909D67BAC0B4}.Debug|Any CPU.Build.0 = Debug|Any CPU
		{FEE93638-9235-4E41-8B24-909D67BAC0B4}.Release|Any CPU.ActiveCfg = Release|Any CPU
		{FEE93638-9235-4E41-8B24-909D67BAC0B4}.Release|Any CPU.Build.0 = Release|Any CPU
		{638B37D2-8792-4A44-B818-A96071F06117}.Debug|Any CPU.ActiveCfg = Debug|Any CPU
		{638B37D2-8792-4A44-B818-A96071F06117}.Debug|Any CPU.Build.0 = Debug|Any CPU
		{638B37D2-8792-4A44-B818-A96071F06117}.Release|Any CPU.ActiveCfg = Release|Any CPU
		{638B37D2-8792-4A44-B818-A96071F06117}.Release|Any CPU.Build.0 = Release|Any CPU
	EndGlobalSection
	GlobalSection(SolutionProperties) = preSolution
		HideSolutionNode = FALSE
	EndGlobalSection
	GlobalSection(ExtensibilityGlobals) = postSolution
		SolutionGuid = {DF84DB53-37D2-472C-B2D7-6844DC79B6AB}
	EndGlobalSection
EndGlobal
